
Microsoft Visual Studio Solution File, Format Version 12.00
# Visual Studio Version 16
VisualStudioVersion = 16.0.31624.102
MinimumVisualStudioVersion = 10.0.40219.1
Project("{9A19103F-16F7-4668-BE54-9A1E7A4F7556}") = "Example01", "Example01\Example01.csproj", "{6F02E804-0BCB-4E38-981B-A04B594D751E}"
EndProject
Project("{9A19103F-16F7-4668-BE54-9A1E7A4F7556}") = "Example02", "Example02\Example02.csproj", "{C78B17AD-049B-4CB0-A384-565230330A34}"
EndProject
Project("{9A19103F-16F7-4668-BE54-9A1E7A4F7556}") = "Example03", "Example03\Example03.csproj", "{D849BD3C-FC6A-40E2-A89D-C08D1FCCC2CD}"
EndProject
Project("{9A19103F-16F7-4668-BE54-9A1E7A4F7556}") = "Exercise01", "Exercise01\Exercise01.csproj", "{DCC23D8F-FD83-494E-9E7D-EE19D980CE0F}"
EndProject
Project("{FAE04EC0-301F-11D3-BF4B-00C04F79EFBC}") = "Example04", "Example04\Example04.csproj", "{39C677E5-459E-4919-9D18-243DD58D9621}"
EndProject
Project("{FAE04EC0-301F-11D3-BF4B-00C04F79EFBC}") = "Example05", "Example05\Example05.csproj", "{909F64E8-75DD-4157-966F-14CC3225DDDF}"
EndProject
Global
	GlobalSection(SolutionConfigurationPlatforms) = preSolution
		Debug|Any CPU = Debug|Any CPU
		Release|Any CPU = Release|Any CPU
	EndGlobalSection
	GlobalSection(ProjectConfigurationPlatforms) = postSolution
		{6F02E804-0BCB-4E38-981B-A04B594D751E}.Debug|Any CPU.ActiveCfg = Debug|Any CPU
		{6F02E804-0BCB-4E38-981B-A04B594D751E}.Debug|Any CPU.Build.0 = Debug|Any CPU
		{6F02E804-0BCB-4E38-981B-A04B594D751E}.Release|Any CPU.ActiveCfg = Release|Any CPU
		{6F02E804-0BCB-4E38-981B-A04B594D751E}.Release|Any CPU.Build.0 = Release|Any CPU
		{C78B17AD-049B-4CB0-A384-565230330A34}.Debug|Any CPU.ActiveCfg = Debug|Any CPU
		{C78B17AD-049B-4CB0-A384-565230330A34}.Debug|Any CPU.Build.0 = Debug|Any CPU
		{C78B17AD-049B-4CB0-A384-565230330A34}.Release|Any CPU.ActiveCfg = Release|Any CPU
		{C78B17AD-049B-4CB0-A384-565230330A34}.Release|Any CPU.Build.0 = Release|Any CPU
		{D849BD3C-FC6A-40E2-A89D-C08D1FCCC2CD}.Debug|Any CPU.ActiveCfg = Debug|Any CPU
		{D849BD3C-FC6A-40E2-A89D-C08D1FCCC2CD}.Debug|Any CPU.Build.0 = Debug|Any CPU
		{D849BD3C-FC6A-40E2-A89D-C08D1FCCC2CD}.Release|Any CPU.ActiveCfg = Release|Any CPU
		{D849BD3C-FC6A-40E2-A89D-C08D1FCCC2CD}.Release|Any CPU.Build.0 = Release|Any CPU
		{DCC23D8F-FD83-494E-9E7D-EE19D980CE0F}.Debug|Any CPU.ActiveCfg = Debug|Any CPU
		{DCC23D8F-FD83-494E-9E7D-EE19D980CE0F}.Debug|Any CPU.Build.0 = Debug|Any CPU
		{DCC23D8F-FD83-494E-9E7D-EE19D980CE0F}.Release|Any CPU.ActiveCfg = Release|Any CPU
		{DCC23D8F-FD83-494E-9E7D-EE19D980CE0F}.Release|Any CPU.Build.0 = Release|Any CPU
		{39C677E5-459E-4919-9D18-243DD58D9621}.Debug|Any CPU.ActiveCfg = Debug|Any CPU
		{39C677E5-459E-4919-9D18-243DD58D9621}.Debug|Any CPU.Build.0 = Debug|Any CPU
		{39C677E5-459E-4919-9D18-243DD58D9621}.Release|Any CPU.ActiveCfg = Release|Any CPU
		{39C677E5-459E-4919-9D18-243DD58D9621}.Release|Any CPU.Build.0 = Release|Any CPU
		{909F64E8-75DD-4157-966F-14CC3225DDDF}.Debug|Any CPU.ActiveCfg = Debug|Any CPU
		{909F64E8-75DD-4157-966F-14CC3225DDDF}.Debug|Any CPU.Build.0 = Debug|Any CPU
		{909F64E8-75DD-4157-966F-14CC3225DDDF}.Release|Any CPU.ActiveCfg = Release|Any CPU
		{909F64E8-75DD-4157-966F-14CC3225DDDF}.Release|Any CPU.Build.0 = Release|Any CPU
	EndGlobalSection
	GlobalSection(SolutionProperties) = preSolution
		HideSolutionNode = FALSE
	EndGlobalSection
	GlobalSection(ExtensibilityGlobals) = postSolution
		SolutionGuid = {C397BCDB-88FD-486F-AF6C-6C4AB3F78B13}
	EndGlobalSection
EndGlobal
